// !$*UTF8*$!
{
	archiveVersion = 1;
	classes = {
	};
	objectVersion = 50;
	objects = {

/* Begin PBXBuildFile section */
		631509CE22FF18F900A4FC26 /* Main.storyboard in Resources */ = {isa = PBXBuildFile; fileRef = 631509CD22FF18F900A4FC26 /* Main.storyboard */; };
		6354A1CB22F126E000FECD6E /* PlaceViewController.swift in Sources */ = {isa = PBXBuildFile; fileRef = 6354A1CA22F126E000FECD6E /* PlaceViewController.swift */; };
		63584E6722F6BEC60033C216 /* PickOnMapViewController.swift in Sources */ = {isa = PBXBuildFile; fileRef = 63584E6622F6BEC50033C216 /* PickOnMapViewController.swift */; };
		635D38BA22E36A47001DCD80 /* ColorExtension.swift in Sources */ = {isa = PBXBuildFile; fileRef = 635D38B922E36A47001DCD80 /* ColorExtension.swift */; };
		638920DC22D6DB6C00FB0702 /* TripPresenter.swift in Sources */ = {isa = PBXBuildFile; fileRef = 638920DB22D6DB6C00FB0702 /* TripPresenter.swift */; };
		638920DE22D7055000FB0702 /* EmbedTripViewController.swift in Sources */ = {isa = PBXBuildFile; fileRef = 638920DD22D7055000FB0702 /* EmbedTripViewController.swift */; };
		639455E522D443BF006AFA20 /* ShowTripViewController.swift in Sources */ = {isa = PBXBuildFile; fileRef = 639455E422D443BF006AFA20 /* ShowTripViewController.swift */; };
		639455E822D45BBE006AFA20 /* DateExtension.swift in Sources */ = {isa = PBXBuildFile; fileRef = 639455E722D45BBE006AFA20 /* DateExtension.swift */; };
		63964D9022D2D7700039B4CF /* AppDelegate.swift in Sources */ = {isa = PBXBuildFile; fileRef = 63964D8F22D2D7700039B4CF /* AppDelegate.swift */; };
		63964D9222D2D7700039B4CF /* TripViewController.swift in Sources */ = {isa = PBXBuildFile; fileRef = 63964D9122D2D7700039B4CF /* TripViewController.swift */; };
		63964D9822D2D7700039B4CF /* TravellingTracker.xcdatamodeld in Sources */ = {isa = PBXBuildFile; fileRef = 63964D9622D2D7700039B4CF /* TravellingTracker.xcdatamodeld */; };
		63964D9A22D2D7720039B4CF /* Assets.xcassets in Resources */ = {isa = PBXBuildFile; fileRef = 63964D9922D2D7720039B4CF /* Assets.xcassets */; };
		63964D9D22D2D7720039B4CF /* LaunchScreen.storyboard in Resources */ = {isa = PBXBuildFile; fileRef = 63964D9B22D2D7720039B4CF /* LaunchScreen.storyboard */; };
		63964DA822D2D7720039B4CF /* TravellingTrackerTests.swift in Sources */ = {isa = PBXBuildFile; fileRef = 63964DA722D2D7720039B4CF /* TravellingTrackerTests.swift */; };
		63964DB322D2D7720039B4CF /* TravellingTrackerUITests.swift in Sources */ = {isa = PBXBuildFile; fileRef = 63964DB222D2D7720039B4CF /* TravellingTrackerUITests.swift */; };
		63964DC222D2EEE40039B4CF /* TripTableViewCell.swift in Sources */ = {isa = PBXBuildFile; fileRef = 63964DC122D2EEE40039B4CF /* TripTableViewCell.swift */; };
		639B31A422EFE54E00F615BA /* Map2ViewController.swift in Sources */ = {isa = PBXBuildFile; fileRef = 639B31A322EFE54E00F615BA /* Map2ViewController.swift */; };
		639B31A622EFEE0E00F615BA /* Photo3ViewController.swift in Sources */ = {isa = PBXBuildFile; fileRef = 639B31A522EFEE0E00F615BA /* Photo3ViewController.swift */; };
		639F167222E40A2700BFB503 /* PhotoMapViewController.swift in Sources */ = {isa = PBXBuildFile; fileRef = 639F167122E40A2700BFB503 /* PhotoMapViewController.swift */; };
		63C06D3A22FEAB2900BEF842 /* TripDAO.swift in Sources */ = {isa = PBXBuildFile; fileRef = 63C06D3922FEAB2900BEF842 /* TripDAO.swift */; };
		63C06D3C22FEAFD800BEF842 /* TripModel.swift in Sources */ = {isa = PBXBuildFile; fileRef = 63C06D3B22FEAFD800BEF842 /* TripModel.swift */; };
		63DFF76422DC2EC700626050 /* EditTripViewController.swift in Sources */ = {isa = PBXBuildFile; fileRef = 63DFF76322DC2EC700626050 /* EditTripViewController.swift */; };
		63DFF76622DC4F9600626050 /* CoreDataManager.swift in Sources */ = {isa = PBXBuildFile; fileRef = 63DFF76522DC4F9600626050 /* CoreDataManager.swift */; };
		63DFF76822DC527500626050 /* DialogBoxHelper.swift in Sources */ = {isa = PBXBuildFile; fileRef = 63DFF76722DC527500626050 /* DialogBoxHelper.swift */; };
		63F9A79422D56F3900C95293 /* CreateTripViewController.swift in Sources */ = {isa = PBXBuildFile; fileRef = 63F9A79322D56F3900C95293 /* CreateTripViewController.swift */; };
/* End PBXBuildFile section */

/* Begin PBXContainerItemProxy section */
		63964DA422D2D7720039B4CF /* PBXContainerItemProxy */ = {
			isa = PBXContainerItemProxy;
			containerPortal = 63964D8422D2D7700039B4CF /* Project object */;
			proxyType = 1;
			remoteGlobalIDString = 63964D8B22D2D7700039B4CF;
			remoteInfo = TravellingTracker;
		};
		63964DAF22D2D7720039B4CF /* PBXContainerItemProxy */ = {
			isa = PBXContainerItemProxy;
			containerPortal = 63964D8422D2D7700039B4CF /* Project object */;
			proxyType = 1;
			remoteGlobalIDString = 63964D8B22D2D7700039B4CF;
			remoteInfo = TravellingTracker;
		};
/* End PBXContainerItemProxy section */

/* Begin PBXFileReference section */
		631509CD22FF18F900A4FC26 /* Main.storyboard */ = {isa = PBXFileReference; fileEncoding = 4; lastKnownFileType = file.storyboard; path = Main.storyboard; sourceTree = "<group>"; };
		6354A1CA22F126E000FECD6E /* PlaceViewController.swift */ = {isa = PBXFileReference; lastKnownFileType = sourcecode.swift; path = PlaceViewController.swift; sourceTree = "<group>"; };
		63584E6622F6BEC50033C216 /* PickOnMapViewController.swift */ = {isa = PBXFileReference; lastKnownFileType = sourcecode.swift; path = PickOnMapViewController.swift; sourceTree = "<group>"; };
		635D38B922E36A47001DCD80 /* ColorExtension.swift */ = {isa = PBXFileReference; lastKnownFileType = sourcecode.swift; path = ColorExtension.swift; sourceTree = "<group>"; };
		638920DB22D6DB6C00FB0702 /* TripPresenter.swift */ = {isa = PBXFileReference; lastKnownFileType = sourcecode.swift; path = TripPresenter.swift; sourceTree = "<group>"; };
		638920DD22D7055000FB0702 /* EmbedTripViewController.swift */ = {isa = PBXFileReference; lastKnownFileType = sourcecode.swift; path = EmbedTripViewController.swift; sourceTree = "<group>"; };
		639455E422D443BF006AFA20 /* ShowTripViewController.swift */ = {isa = PBXFileReference; lastKnownFileType = sourcecode.swift; path = ShowTripViewController.swift; sourceTree = "<group>"; };
		639455E722D45BBE006AFA20 /* DateExtension.swift */ = {isa = PBXFileReference; lastKnownFileType = sourcecode.swift; path = DateExtension.swift; sourceTree = "<group>"; };
		63964D8C22D2D7700039B4CF /* TravellingTracker.app */ = {isa = PBXFileReference; explicitFileType = wrapper.application; includeInIndex = 0; path = TravellingTracker.app; sourceTree = BUILT_PRODUCTS_DIR; };
		63964D8F22D2D7700039B4CF /* AppDelegate.swift */ = {isa = PBXFileReference; lastKnownFileType = sourcecode.swift; path = AppDelegate.swift; sourceTree = "<group>"; };
		63964D9122D2D7700039B4CF /* TripViewController.swift */ = {isa = PBXFileReference; lastKnownFileType = sourcecode.swift; path = TripViewController.swift; sourceTree = "<group>"; };
		63964D9722D2D7700039B4CF /* TravellingTracker.xcdatamodel */ = {isa = PBXFileReference; lastKnownFileType = wrapper.xcdatamodel; path = TravellingTracker.xcdatamodel; sourceTree = "<group>"; };
		63964D9922D2D7720039B4CF /* Assets.xcassets */ = {isa = PBXFileReference; lastKnownFileType = folder.assetcatalog; path = Assets.xcassets; sourceTree = "<group>"; };
		63964D9C22D2D7720039B4CF /* Base */ = {isa = PBXFileReference; lastKnownFileType = file.storyboard; name = Base; path = Base.lproj/LaunchScreen.storyboard; sourceTree = "<group>"; };
		63964D9E22D2D7720039B4CF /* Info.plist */ = {isa = PBXFileReference; lastKnownFileType = text.plist.xml; path = Info.plist; sourceTree = "<group>"; };
		63964DA322D2D7720039B4CF /* TravellingTrackerTests.xctest */ = {isa = PBXFileReference; explicitFileType = wrapper.cfbundle; includeInIndex = 0; path = TravellingTrackerTests.xctest; sourceTree = BUILT_PRODUCTS_DIR; };
		63964DA722D2D7720039B4CF /* TravellingTrackerTests.swift */ = {isa = PBXFileReference; lastKnownFileType = sourcecode.swift; path = TravellingTrackerTests.swift; sourceTree = "<group>"; };
		63964DA922D2D7720039B4CF /* Info.plist */ = {isa = PBXFileReference; lastKnownFileType = text.plist.xml; path = Info.plist; sourceTree = "<group>"; };
		63964DAE22D2D7720039B4CF /* TravellingTrackerUITests.xctest */ = {isa = PBXFileReference; explicitFileType = wrapper.cfbundle; includeInIndex = 0; path = TravellingTrackerUITests.xctest; sourceTree = BUILT_PRODUCTS_DIR; };
		63964DB222D2D7720039B4CF /* TravellingTrackerUITests.swift */ = {isa = PBXFileReference; lastKnownFileType = sourcecode.swift; path = TravellingTrackerUITests.swift; sourceTree = "<group>"; };
		63964DB422D2D7720039B4CF /* Info.plist */ = {isa = PBXFileReference; lastKnownFileType = text.plist.xml; path = Info.plist; sourceTree = "<group>"; };
		63964DC122D2EEE40039B4CF /* TripTableViewCell.swift */ = {isa = PBXFileReference; lastKnownFileType = sourcecode.swift; path = TripTableViewCell.swift; sourceTree = "<group>"; };
		639B31A322EFE54E00F615BA /* Map2ViewController.swift */ = {isa = PBXFileReference; lastKnownFileType = sourcecode.swift; path = Map2ViewController.swift; sourceTree = "<group>"; };
		639B31A522EFEE0E00F615BA /* Photo3ViewController.swift */ = {isa = PBXFileReference; lastKnownFileType = sourcecode.swift; path = Photo3ViewController.swift; sourceTree = "<group>"; };
		639F167122E40A2700BFB503 /* PhotoMapViewController.swift */ = {isa = PBXFileReference; lastKnownFileType = sourcecode.swift; path = PhotoMapViewController.swift; sourceTree = "<group>"; };
		63C06D3922FEAB2900BEF842 /* TripDAO.swift */ = {isa = PBXFileReference; lastKnownFileType = sourcecode.swift; path = TripDAO.swift; sourceTree = "<group>"; };
		63C06D3B22FEAFD800BEF842 /* TripModel.swift */ = {isa = PBXFileReference; lastKnownFileType = sourcecode.swift; path = TripModel.swift; sourceTree = "<group>"; };
		63DFF76322DC2EC700626050 /* EditTripViewController.swift */ = {isa = PBXFileReference; lastKnownFileType = sourcecode.swift; path = EditTripViewController.swift; sourceTree = "<group>"; };
		63DFF76522DC4F9600626050 /* CoreDataManager.swift */ = {isa = PBXFileReference; lastKnownFileType = sourcecode.swift; path = CoreDataManager.swift; sourceTree = "<group>"; };
		63DFF76722DC527500626050 /* DialogBoxHelper.swift */ = {isa = PBXFileReference; lastKnownFileType = sourcecode.swift; path = DialogBoxHelper.swift; sourceTree = "<group>"; };
		63F9A79322D56F3900C95293 /* CreateTripViewController.swift */ = {isa = PBXFileReference; lastKnownFileType = sourcecode.swift; path = CreateTripViewController.swift; sourceTree = "<group>"; };
/* End PBXFileReference section */

/* Begin PBXFrameworksBuildPhase section */
		63964D8922D2D7700039B4CF /* Frameworks */ = {
			isa = PBXFrameworksBuildPhase;
			buildActionMask = 2147483647;
			files = (
			);
			runOnlyForDeploymentPostprocessing = 0;
		};
		63964DA022D2D7720039B4CF /* Frameworks */ = {
			isa = PBXFrameworksBuildPhase;
			buildActionMask = 2147483647;
			files = (
			);
			runOnlyForDeploymentPostprocessing = 0;
		};
		63964DAB22D2D7720039B4CF /* Frameworks */ = {
			isa = PBXFrameworksBuildPhase;
			buildActionMask = 2147483647;
			files = (
			);
			runOnlyForDeploymentPostprocessing = 0;
		};
/* End PBXFrameworksBuildPhase section */

/* Begin PBXGroup section */
			isa = PBXGroup;
			children = (
				63F9A79322D56F3900C95293 /* CreateTripViewController.swift */,
				63964D9122D2D7700039B4CF /* TripViewController.swift */,
				639455E422D443BF006AFA20 /* ShowTripViewController.swift */,
				638920DD22D7055000FB0702 /* EmbedTripViewController.swift */,
				63DFF76322DC2EC700626050 /* EditTripViewController.swift */,
			);
			path = Trip;
			sourceTree = "<group>";
		};
		639455E622D45B3F006AFA20 /* Helpers */ = {
			isa = PBXGroup;
			children = (
				639455E722D45BBE006AFA20 /* DateExtension.swift */,
				63DFF76522DC4F9600626050 /* CoreDataManager.swift */,
				63DFF76722DC527500626050 /* DialogBoxHelper.swift */,
				635D38B922E36A47001DCD80 /* ColorExtension.swift */,
			);
			path = Helpers;
			sourceTree = "<group>";
		};
		63964D8322D2D7700039B4CF = {
			isa = PBXGroup;
			children = (
				63964D8E22D2D7700039B4CF /* TravellingTracker */,
				63964DA622D2D7720039B4CF /* TravellingTrackerTests */,
				63964DB122D2D7720039B4CF /* TravellingTrackerUITests */,
				63964D8D22D2D7700039B4CF /* Products */,
			);
			sourceTree = "<group>";
		};
		63964D8D22D2D7700039B4CF /* Products */ = {
			isa = PBXGroup;
			children = (
				63964D8C22D2D7700039B4CF /* TravellingTracker.app */,
				63964DA322D2D7720039B4CF /* TravellingTrackerTests.xctest */,
				63964DAE22D2D7720039B4CF /* TravellingTrackerUITests.xctest */,
			);
			name = Products;
			sourceTree = "<group>";
		};
		63964D8E22D2D7700039B4CF /* TravellingTracker */ = {
			isa = PBXGroup;
			children = (
				639455E622D45B3F006AFA20 /* Helpers */,
				63964D8F22D2D7700039B4CF /* AppDelegate.swift */,
				631509CD22FF18F900A4FC26 /* Main.storyboard */,
				639F167122E40A2700BFB503 /* PhotoMapViewController.swift */,
				63C06D3622FEAAD600BEF842 /* DAO */,
				639B31A522EFEE0E00F615BA /* Photo3ViewController.swift */,
				63C06D3722FEAAE000BEF842 /* Models */,
				6354A1CA22F126E000FECD6E /* PlaceViewController.swift */,
				639B31A322EFE54E00F615BA /* Map2ViewController.swift */,
				63C06D3822FEAB0000BEF842 /* Controllers */,
				63584E6622F6BEC50033C216 /* PickOnMapViewController.swift */,
				63964D9922D2D7720039B4CF /* Assets.xcassets */,
				63964D9B22D2D7720039B4CF /* LaunchScreen.storyboard */,
				63964D9E22D2D7720039B4CF /* Info.plist */,
				63964D9622D2D7700039B4CF /* TravellingTracker.xcdatamodeld */,
				63964DC122D2EEE40039B4CF /* TripTableViewCell.swift */,
				638920DB22D6DB6C00FB0702 /* TripPresenter.swift */,
			);
			path = TravellingTracker;
			sourceTree = "<group>";
		};
		63964DA622D2D7720039B4CF /* TravellingTrackerTests */ = {
			isa = PBXGroup;
			children = (
				63964DA722D2D7720039B4CF /* TravellingTrackerTests.swift */,
				63964DA922D2D7720039B4CF /* Info.plist */,
			);
			path = TravellingTrackerTests;
			sourceTree = "<group>";
		};
		63964DB122D2D7720039B4CF /* TravellingTrackerUITests */ = {
			isa = PBXGroup;
			children = (
				63964DB222D2D7720039B4CF /* TravellingTrackerUITests.swift */,
				63964DB422D2D7720039B4CF /* Info.plist */,
			);
			path = TravellingTrackerUITests;
			sourceTree = "<group>";
		};
		63C06D3622FEAAD600BEF842 /* DAO */ = {
			isa = PBXGroup;
			children = (
				63C06D3922FEAB2900BEF842 /* TripDAO.swift */,
			);
			path = DAO;
			sourceTree = "<group>";
		};
		63C06D3722FEAAE000BEF842 /* Models */ = {
			isa = PBXGroup;
			children = (
				63C06D3B22FEAFD800BEF842 /* TripModel.swift */,
			);
			path = Models;
			sourceTree = "<group>";
		};
		63C06D3822FEAB0000BEF842 /* Controllers */ = {
			isa = PBXGroup;
			children = (
				637A7BF7230940BE009C8103 /* Trip */,
			);
			path = Controllers;
			sourceTree = "<group>";
		};
/* End PBXGroup section */

/* Begin PBXNativeTarget section */
		63964D8B22D2D7700039B4CF /* TravellingTracker */ = {
			isa = PBXNativeTarget;
			buildConfigurationList = 63964DB722D2D7720039B4CF /* Build configuration list for PBXNativeTarget "TravellingTracker" */;
			buildPhases = (
				63964D8822D2D7700039B4CF /* Sources */,
				63964D8922D2D7700039B4CF /* Frameworks */,
				63964D8A22D2D7700039B4CF /* Resources */,
			);
			buildRules = (
			);
			dependencies = (
			);
			name = TravellingTracker;
			productName = TravellingTracker;
			productReference = 63964D8C22D2D7700039B4CF /* TravellingTracker.app */;
			productType = "com.apple.product-type.application";
		};
		63964DA222D2D7720039B4CF /* TravellingTrackerTests */ = {
			isa = PBXNativeTarget;
			buildConfigurationList = 63964DBA22D2D7720039B4CF /* Build configuration list for PBXNativeTarget "TravellingTrackerTests" */;
			buildPhases = (
				63964D9F22D2D7720039B4CF /* Sources */,
				63964DA022D2D7720039B4CF /* Frameworks */,
				63964DA122D2D7720039B4CF /* Resources */,
			);
			buildRules = (
			);
			dependencies = (
				63964DA522D2D7720039B4CF /* PBXTargetDependency */,
			);
			name = TravellingTrackerTests;
			productName = TravellingTrackerTests;
			productReference = 63964DA322D2D7720039B4CF /* TravellingTrackerTests.xctest */;
			productType = "com.apple.product-type.bundle.unit-test";
		};
		63964DAD22D2D7720039B4CF /* TravellingTrackerUITests */ = {
			isa = PBXNativeTarget;
			buildConfigurationList = 63964DBD22D2D7720039B4CF /* Build configuration list for PBXNativeTarget "TravellingTrackerUITests" */;
			buildPhases = (
				63964DAA22D2D7720039B4CF /* Sources */,
				63964DAB22D2D7720039B4CF /* Frameworks */,
				63964DAC22D2D7720039B4CF /* Resources */,
			);
			buildRules = (
			);
			dependencies = (
				63964DB022D2D7720039B4CF /* PBXTargetDependency */,
			);
			name = TravellingTrackerUITests;
			productName = TravellingTrackerUITests;
			productReference = 63964DAE22D2D7720039B4CF /* TravellingTrackerUITests.xctest */;
			productType = "com.apple.product-type.bundle.ui-testing";
		};
/* End PBXNativeTarget section */

/* Begin PBXProject section */
		63964D8422D2D7700039B4CF /* Project object */ = {
			isa = PBXProject;
			attributes = {
				LastSwiftUpdateCheck = 1020;
				LastUpgradeCheck = 1020;
				ORGANIZATIONNAME = user154076;
				TargetAttributes = {
					63964D8B22D2D7700039B4CF = {
						CreatedOnToolsVersion = 10.2.1;
					};
					63964DA222D2D7720039B4CF = {
						CreatedOnToolsVersion = 10.2.1;
						TestTargetID = 63964D8B22D2D7700039B4CF;
					};
					63964DAD22D2D7720039B4CF = {
						CreatedOnToolsVersion = 10.2.1;
						TestTargetID = 63964D8B22D2D7700039B4CF;
					};
				};
			};
			buildConfigurationList = 63964D8722D2D7700039B4CF /* Build configuration list for PBXProject "TravellingTracker" */;
			compatibilityVersion = "Xcode 9.3";
			developmentRegion = en;
			hasScannedForEncodings = 0;
			knownRegions = (
				en,
				Base,
			);
			mainGroup = 63964D8322D2D7700039B4CF;
			productRefGroup = 63964D8D22D2D7700039B4CF /* Products */;
			projectDirPath = "";
			projectRoot = "";
			targets = (
				63964D8B22D2D7700039B4CF /* TravellingTracker */,
				63964DA222D2D7720039B4CF /* TravellingTrackerTests */,
				63964DAD22D2D7720039B4CF /* TravellingTrackerUITests */,
			);
		};
/* End PBXProject section */

/* Begin PBXResourcesBuildPhase section */
		63964D8A22D2D7700039B4CF /* Resources */ = {
			isa = PBXResourcesBuildPhase;
			buildActionMask = 2147483647;
			files = (
				63964D9D22D2D7720039B4CF /* LaunchScreen.storyboard in Resources */,
				63964D9A22D2D7720039B4CF /* Assets.xcassets in Resources */,
				631509CE22FF18F900A4FC26 /* Main.storyboard in Resources */,
			);
			runOnlyForDeploymentPostprocessing = 0;
		};
		63964DA122D2D7720039B4CF /* Resources */ = {
			isa = PBXResourcesBuildPhase;
			buildActionMask = 2147483647;
			files = (
			);
			runOnlyForDeploymentPostprocessing = 0;
		};
		63964DAC22D2D7720039B4CF /* Resources */ = {
			isa = PBXResourcesBuildPhase;
			buildActionMask = 2147483647;
			files = (
			);
			runOnlyForDeploymentPostprocessing = 0;
		};
/* End PBXResourcesBuildPhase section */

/* Begin PBXSourcesBuildPhase section */
		63964D8822D2D7700039B4CF /* Sources */ = {
			isa = PBXSourcesBuildPhase;
			buildActionMask = 2147483647;
			files = (
				639B31A422EFE54E00F615BA /* Map2ViewController.swift in Sources */,
				639B31A622EFEE0E00F615BA /* Photo3ViewController.swift in Sources */,
				6354A1CB22F126E000FECD6E /* PlaceViewController.swift in Sources */,
				639F167222E40A2700BFB503 /* PhotoMapViewController.swift in Sources */,
				63964DC222D2EEE40039B4CF /* TripTableViewCell.swift in Sources */,
				63F9A79422D56F3900C95293 /* CreateTripViewController.swift in Sources */,
				638920DE22D7055000FB0702 /* EmbedTripViewController.swift in Sources */,
				639455E822D45BBE006AFA20 /* DateExtension.swift in Sources */,
				63964D9222D2D7700039B4CF /* TripViewController.swift in Sources */,
				63DFF76822DC527500626050 /* DialogBoxHelper.swift in Sources */,
				63DFF76422DC2EC700626050 /* EditTripViewController.swift in Sources */,
				63964D9022D2D7700039B4CF /* AppDelegate.swift in Sources */,
				638920DC22D6DB6C00FB0702 /* TripPresenter.swift in Sources */,
				63584E6722F6BEC60033C216 /* PickOnMapViewController.swift in Sources */,
				639455E522D443BF006AFA20 /* ShowTripViewController.swift in Sources */,
				63964D9822D2D7700039B4CF /* TravellingTracker.xcdatamodeld in Sources */,
				63DFF76622DC4F9600626050 /* CoreDataManager.swift in Sources */,
				63C06D3A22FEAB2900BEF842 /* TripDAO.swift in Sources */,
				63C06D3C22FEAFD800BEF842 /* TripModel.swift in Sources */,
				635D38BA22E36A47001DCD80 /* ColorExtension.swift in Sources */,
			);
			runOnlyForDeploymentPostprocessing = 0;
		};
		63964D9F22D2D7720039B4CF /* Sources */ = {
			isa = PBXSourcesBuildPhase;
			buildActionMask = 2147483647;
			files = (
				63964DA822D2D7720039B4CF /* TravellingTrackerTests.swift in Sources */,
			);
			runOnlyForDeploymentPostprocessing = 0;
		};
		63964DAA22D2D7720039B4CF /* Sources */ = {
			isa = PBXSourcesBuildPhase;
			buildActionMask = 2147483647;
			files = (
				63964DB322D2D7720039B4CF /* TravellingTrackerUITests.swift in Sources */,
			);
			runOnlyForDeploymentPostprocessing = 0;
		};
/* End PBXSourcesBuildPhase section */

/* Begin PBXTargetDependency section */
		63964DA522D2D7720039B4CF /* PBXTargetDependency */ = {
			isa = PBXTargetDependency;
			target = 63964D8B22D2D7700039B4CF /* TravellingTracker */;
			targetProxy = 63964DA422D2D7720039B4CF /* PBXContainerItemProxy */;
		};
		63964DB022D2D7720039B4CF /* PBXTargetDependency */ = {
			isa = PBXTargetDependency;
			target = 63964D8B22D2D7700039B4CF /* TravellingTracker */;
			targetProxy = 63964DAF22D2D7720039B4CF /* PBXContainerItemProxy */;
		};
/* End PBXTargetDependency section */

/* Begin PBXVariantGroup section */
		63964D9B22D2D7720039B4CF /* LaunchScreen.storyboard */ = {
			isa = PBXVariantGroup;
			children = (
				63964D9C22D2D7720039B4CF /* Base */,
			);
			name = LaunchScreen.storyboard;
			sourceTree = "<group>";
		};
/* End PBXVariantGroup section */

/* Begin XCBuildConfiguration section */
		63964DB522D2D7720039B4CF /* Debug */ = {
			isa = XCBuildConfiguration;
			buildSettings = {
				ALWAYS_SEARCH_USER_PATHS = NO;
				CLANG_ANALYZER_NONNULL = YES;
				CLANG_ANALYZER_NUMBER_OBJECT_CONVERSION = YES_AGGRESSIVE;
				CLANG_CXX_LANGUAGE_STANDARD = "gnu++14";
				CLANG_CXX_LIBRARY = "libc++";
				CLANG_ENABLE_MODULES = YES;
				CLANG_ENABLE_OBJC_ARC = YES;
				CLANG_ENABLE_OBJC_WEAK = YES;
				CLANG_WARN_BLOCK_CAPTURE_AUTORELEASING = YES;
				CLANG_WARN_BOOL_CONVERSION = YES;
				CLANG_WARN_COMMA = YES;
				CLANG_WARN_CONSTANT_CONVERSION = YES;
				CLANG_WARN_DEPRECATED_OBJC_IMPLEMENTATIONS = YES;
				CLANG_WARN_DIRECT_OBJC_ISA_USAGE = YES_ERROR;
				CLANG_WARN_DOCUMENTATION_COMMENTS = YES;
				CLANG_WARN_EMPTY_BODY = YES;
				CLANG_WARN_ENUM_CONVERSION = YES;
				CLANG_WARN_INFINITE_RECURSION = YES;
				CLANG_WARN_INT_CONVERSION = YES;
				CLANG_WARN_NON_LITERAL_NULL_CONVERSION = YES;
				CLANG_WARN_OBJC_IMPLICIT_RETAIN_SELF = YES;
				CLANG_WARN_OBJC_LITERAL_CONVERSION = YES;
				CLANG_WARN_OBJC_ROOT_CLASS = YES_ERROR;
				CLANG_WARN_RANGE_LOOP_ANALYSIS = YES;
				CLANG_WARN_STRICT_PROTOTYPES = YES;
				CLANG_WARN_SUSPICIOUS_MOVE = YES;
				CLANG_WARN_UNGUARDED_AVAILABILITY = YES_AGGRESSIVE;
				CLANG_WARN_UNREACHABLE_CODE = YES;
				CLANG_WARN__DUPLICATE_METHOD_MATCH = YES;
				CODE_SIGN_IDENTITY = "iPhone Developer";
				COPY_PHASE_STRIP = NO;
				DEBUG_INFORMATION_FORMAT = dwarf;
				ENABLE_STRICT_OBJC_MSGSEND = YES;
				ENABLE_TESTABILITY = YES;
				GCC_C_LANGUAGE_STANDARD = gnu11;
				GCC_DYNAMIC_NO_PIC = NO;
				GCC_NO_COMMON_BLOCKS = YES;
				GCC_OPTIMIZATION_LEVEL = 0;
				GCC_PREPROCESSOR_DEFINITIONS = (
					"DEBUG=1",
					"$(inherited)",
				);
				GCC_WARN_64_TO_32_BIT_CONVERSION = YES;
				GCC_WARN_ABOUT_RETURN_TYPE = YES_ERROR;
				GCC_WARN_UNDECLARED_SELECTOR = YES;
				GCC_WARN_UNINITIALIZED_AUTOS = YES_AGGRESSIVE;
				GCC_WARN_UNUSED_FUNCTION = YES;
				GCC_WARN_UNUSED_VARIABLE = YES;
				IPHONEOS_DEPLOYMENT_TARGET = 12.2;
				MTL_ENABLE_DEBUG_INFO = INCLUDE_SOURCE;
				MTL_FAST_MATH = YES;
				ONLY_ACTIVE_ARCH = YES;
				SDKROOT = iphoneos;
				SWIFT_ACTIVE_COMPILATION_CONDITIONS = DEBUG;
				SWIFT_OPTIMIZATION_LEVEL = "-Onone";
			};
			name = Debug;
		};
		63964DB622D2D7720039B4CF /* Release */ = {
			isa = XCBuildConfiguration;
			buildSettings = {
				ALWAYS_SEARCH_USER_PATHS = NO;
				CLANG_ANALYZER_NONNULL = YES;
				CLANG_ANALYZER_NUMBER_OBJECT_CONVERSION = YES_AGGRESSIVE;
				CLANG_CXX_LANGUAGE_STANDARD = "gnu++14";
				CLANG_CXX_LIBRARY = "libc++";
				CLANG_ENABLE_MODULES = YES;
				CLANG_ENABLE_OBJC_ARC = YES;
				CLANG_ENABLE_OBJC_WEAK = YES;
				CLANG_WARN_BLOCK_CAPTURE_AUTORELEASING = YES;
				CLANG_WARN_BOOL_CONVERSION = YES;
				CLANG_WARN_COMMA = YES;
				CLANG_WARN_CONSTANT_CONVERSION = YES;
				CLANG_WARN_DEPRECATED_OBJC_IMPLEMENTATIONS = YES;
				CLANG_WARN_DIRECT_OBJC_ISA_USAGE = YES_ERROR;
				CLANG_WARN_DOCUMENTATION_COMMENTS = YES;
				CLANG_WARN_EMPTY_BODY = YES;
				CLANG_WARN_ENUM_CONVERSION = YES;
				CLANG_WARN_INFINITE_RECURSION = YES;
				CLANG_WARN_INT_CONVERSION = YES;
				CLANG_WARN_NON_LITERAL_NULL_CONVERSION = YES;
				CLANG_WARN_OBJC_IMPLICIT_RETAIN_SELF = YES;
				CLANG_WARN_OBJC_LITERAL_CONVERSION = YES;
				CLANG_WARN_OBJC_ROOT_CLASS = YES_ERROR;
				CLANG_WARN_RANGE_LOOP_ANALYSIS = YES;
				CLANG_WARN_STRICT_PROTOTYPES = YES;
				CLANG_WARN_SUSPICIOUS_MOVE = YES;
				CLANG_WARN_UNGUARDED_AVAILABILITY = YES_AGGRESSIVE;
				CLANG_WARN_UNREACHABLE_CODE = YES;
				CLANG_WARN__DUPLICATE_METHOD_MATCH = YES;
				CODE_SIGN_IDENTITY = "iPhone Developer";
				COPY_PHASE_STRIP = NO;
				DEBUG_INFORMATION_FORMAT = "dwarf-with-dsym";
				ENABLE_NS_ASSERTIONS = NO;
				ENABLE_STRICT_OBJC_MSGSEND = YES;
				GCC_C_LANGUAGE_STANDARD = gnu11;
				GCC_NO_COMMON_BLOCKS = YES;
				GCC_WARN_64_TO_32_BIT_CONVERSION = YES;
				GCC_WARN_ABOUT_RETURN_TYPE = YES_ERROR;
				GCC_WARN_UNDECLARED_SELECTOR = YES;
				GCC_WARN_UNINITIALIZED_AUTOS = YES_AGGRESSIVE;
				GCC_WARN_UNUSED_FUNCTION = YES;
				GCC_WARN_UNUSED_VARIABLE = YES;
				IPHONEOS_DEPLOYMENT_TARGET = 12.2;
				MTL_ENABLE_DEBUG_INFO = NO;
				MTL_FAST_MATH = YES;
				SDKROOT = iphoneos;
				SWIFT_COMPILATION_MODE = wholemodule;
				SWIFT_OPTIMIZATION_LEVEL = "-O";
				VALIDATE_PRODUCT = YES;
			};
			name = Release;
		};
		63964DB822D2D7720039B4CF /* Debug */ = {
			isa = XCBuildConfiguration;
			buildSettings = {
				ASSETCATALOG_COMPILER_APPICON_NAME = AppIcon;
				CODE_SIGN_STYLE = Automatic;
				INFOPLIST_FILE = TravellingTracker/Info.plist;
				LD_RUNPATH_SEARCH_PATHS = (
					"$(inherited)",
					"@executable_path/Frameworks",
				);
				PRODUCT_BUNDLE_IDENTIFIER = IM.TravellingTracker;
				PRODUCT_NAME = "$(TARGET_NAME)";
				SWIFT_VERSION = 5.0;
				TARGETED_DEVICE_FAMILY = "1,2";
			};
			name = Debug;
		};
		63964DB922D2D7720039B4CF /* Release */ = {
			isa = XCBuildConfiguration;
			buildSettings = {
				ASSETCATALOG_COMPILER_APPICON_NAME = AppIcon;
				CODE_SIGN_STYLE = Automatic;
				INFOPLIST_FILE = TravellingTracker/Info.plist;
				LD_RUNPATH_SEARCH_PATHS = (
					"$(inherited)",
					"@executable_path/Frameworks",
				);
				PRODUCT_BUNDLE_IDENTIFIER = IM.TravellingTracker;
				PRODUCT_NAME = "$(TARGET_NAME)";
				SWIFT_VERSION = 5.0;
				TARGETED_DEVICE_FAMILY = "1,2";
			};
			name = Release;
		};
		63964DBB22D2D7720039B4CF /* Debug */ = {
			isa = XCBuildConfiguration;
			buildSettings = {
				ALWAYS_EMBED_SWIFT_STANDARD_LIBRARIES = YES;
				BUNDLE_LOADER = "$(TEST_HOST)";
				CODE_SIGN_STYLE = Automatic;
				INFOPLIST_FILE = TravellingTrackerTests/Info.plist;
				LD_RUNPATH_SEARCH_PATHS = (
					"$(inherited)",
					"@executable_path/Frameworks",
					"@loader_path/Frameworks",
				);
				PRODUCT_BUNDLE_IDENTIFIER = IM.TravellingTrackerTests;
				PRODUCT_NAME = "$(TARGET_NAME)";
				SWIFT_VERSION = 5.0;
				TARGETED_DEVICE_FAMILY = "1,2";
				TEST_HOST = "$(BUILT_PRODUCTS_DIR)/TravellingTracker.app/TravellingTracker";
			};
			name = Debug;
		};
		63964DBC22D2D7720039B4CF /* Release */ = {
			isa = XCBuildConfiguration;
			buildSettings = {
				ALWAYS_EMBED_SWIFT_STANDARD_LIBRARIES = YES;
				BUNDLE_LOADER = "$(TEST_HOST)";
				CODE_SIGN_STYLE = Automatic;
				INFOPLIST_FILE = TravellingTrackerTests/Info.plist;
				LD_RUNPATH_SEARCH_PATHS = (
					"$(inherited)",
					"@executable_path/Frameworks",
					"@loader_path/Frameworks",
				);
				PRODUCT_BUNDLE_IDENTIFIER = IM.TravellingTrackerTests;
				PRODUCT_NAME = "$(TARGET_NAME)";
				SWIFT_VERSION = 5.0;
				TARGETED_DEVICE_FAMILY = "1,2";
				TEST_HOST = "$(BUILT_PRODUCTS_DIR)/TravellingTracker.app/TravellingTracker";
			};
			name = Release;
		};
		63964DBE22D2D7720039B4CF /* Debug */ = {
			isa = XCBuildConfiguration;
			buildSettings = {
				ALWAYS_EMBED_SWIFT_STANDARD_LIBRARIES = YES;
				CODE_SIGN_STYLE = Automatic;
				INFOPLIST_FILE = TravellingTrackerUITests/Info.plist;
				LD_RUNPATH_SEARCH_PATHS = (
					"$(inherited)",
					"@executable_path/Frameworks",
					"@loader_path/Frameworks",
				);
				PRODUCT_BUNDLE_IDENTIFIER = IM.TravellingTrackerUITests;
				PRODUCT_NAME = "$(TARGET_NAME)";
				SWIFT_VERSION = 5.0;
				TARGETED_DEVICE_FAMILY = "1,2";
				TEST_TARGET_NAME = TravellingTracker;
			};
			name = Debug;
		};
		63964DBF22D2D7720039B4CF /* Release */ = {
			isa = XCBuildConfiguration;
			buildSettings = {
				ALWAYS_EMBED_SWIFT_STANDARD_LIBRARIES = YES;
				CODE_SIGN_STYLE = Automatic;
				INFOPLIST_FILE = TravellingTrackerUITests/Info.plist;
				LD_RUNPATH_SEARCH_PATHS = (
					"$(inherited)",
					"@executable_path/Frameworks",
					"@loader_path/Frameworks",
				);
				PRODUCT_BUNDLE_IDENTIFIER = IM.TravellingTrackerUITests;
				PRODUCT_NAME = "$(TARGET_NAME)";
				SWIFT_VERSION = 5.0;
				TARGETED_DEVICE_FAMILY = "1,2";
				TEST_TARGET_NAME = TravellingTracker;
			};
			name = Release;
		};
/* End XCBuildConfiguration section */

/* Begin XCConfigurationList section */
		63964D8722D2D7700039B4CF /* Build configuration list for PBXProject "TravellingTracker" */ = {
			isa = XCConfigurationList;
			buildConfigurations = (
				63964DB522D2D7720039B4CF /* Debug */,
				63964DB622D2D7720039B4CF /* Release */,
			);
			defaultConfigurationIsVisible = 0;
			defaultConfigurationName = Release;
		};
		63964DB722D2D7720039B4CF /* Build configuration list for PBXNativeTarget "TravellingTracker" */ = {
			isa = XCConfigurationList;
			buildConfigurations = (
				63964DB822D2D7720039B4CF /* Debug */,
				63964DB922D2D7720039B4CF /* Release */,
			);
			defaultConfigurationIsVisible = 0;
			defaultConfigurationName = Release;
		};
		63964DBA22D2D7720039B4CF /* Build configuration list for PBXNativeTarget "TravellingTrackerTests" */ = {
			isa = XCConfigurationList;
			buildConfigurations = (
				63964DBB22D2D7720039B4CF /* Debug */,
				63964DBC22D2D7720039B4CF /* Release */,
			);
			defaultConfigurationIsVisible = 0;
			defaultConfigurationName = Release;
		};
		63964DBD22D2D7720039B4CF /* Build configuration list for PBXNativeTarget "TravellingTrackerUITests" */ = {
			isa = XCConfigurationList;
			buildConfigurations = (
				63964DBE22D2D7720039B4CF /* Debug */,
				63964DBF22D2D7720039B4CF /* Release */,
			);
			defaultConfigurationIsVisible = 0;
			defaultConfigurationName = Release;
		};
/* End XCConfigurationList section */

/* Begin XCVersionGroup section */
		63964D9622D2D7700039B4CF /* TravellingTracker.xcdatamodeld */ = {
			isa = XCVersionGroup;
			children = (
				63964D9722D2D7700039B4CF /* TravellingTracker.xcdatamodel */,
			);
			currentVersion = 63964D9722D2D7700039B4CF /* TravellingTracker.xcdatamodel */;
			path = TravellingTracker.xcdatamodeld;
			sourceTree = "<group>";
			versionGroupType = wrapper.xcdatamodel;
		};
/* End XCVersionGroup section */
	};
	rootObject = 63964D8422D2D7700039B4CF /* Project object */;
}
